
Microsoft Visual Studio Solution File, Format Version 12.00
# Visual Studio 15
VisualStudioVersion = 15.0.27703.2035
MinimumVisualStudioVersion = 10.0.40219.1
Project("{8BC9CEB8-8B4A-11D0-8D11-00A0C91BC942}") = "001test", "test1\test1.vcxproj", "{F10BAB05-0D5C-46C8-9EC7-25972E3A9C35}"
EndProject
Project("{8BC9CEB8-8B4A-11D0-8D11-00A0C91BC942}") = "002ClassesAndObjects", "ClassesAndObjects\ClassesAndObjects.vcxproj", "{3C2F41EA-5B5E-4725-B935-6A40DE291B82}"
EndProject
Project("{8BC9CEB8-8B4A-11D0-8D11-00A0C91BC942}") = "003If", "3If\3If.vcxproj", "{AE5E68BB-CE96-4D99-A5EE-CF17F0D50BE7}"
EndProject
Project("{8BC9CEB8-8B4A-11D0-8D11-00A0C91BC942}") = "004While", "4While\4While.vcxproj", "{5470EAF7-ECBD-45F1-ADF9-70D0111EF1E1}"
EndProject
Project("{8BC9CEB8-8B4A-11D0-8D11-00A0C91BC942}") = "005For", "5For\5For.vcxproj", "{B1745EC5-9BB5-41D7-9A6A-F3867CF64C8A}"
EndProject
Project("{8BC9CEB8-8B4A-11D0-8D11-00A0C91BC942}") = "006Switch", "6Switch\6Switch.vcxproj", "{6FD50631-5B39-4509-A5D1-E933C6E2C656}"
EndProject
Project("{8BC9CEB8-8B4A-11D0-8D11-00A0C91BC942}") = "007Function", "7Function\7Function.vcxproj", "{C8ED47FF-DD7A-4650-971F-C9CD23F0346B}"
EndProject
Project("{8BC9CEB8-8B4A-11D0-8D11-00A0C91BC942}") = "008IIF", "IIF\IIF.vcxproj", "{3EFB3B4D-D995-4F9E-93F2-4E8DD4DC1BCC}"
EndProject
Project("{8BC9CEB8-8B4A-11D0-8D11-00A0C91BC942}") = "009Arithmetic", "Arithmetic\Arithmetic.vcxproj", "{4AEAF99D-FDB8-45DB-90ED-A6729D0E845A}"
EndProject
Project("{8BC9CEB8-8B4A-11D0-8D11-00A0C91BC942}") = "010Comparison", "10Comparison\10Comparison.vcxproj", "{127D71F6-652A-4416-91F5-D903007D8487}"
EndProject
Project("{8BC9CEB8-8B4A-11D0-8D11-00A0C91BC942}") = "011Overloading", "011Overloading\011Overloading.vcxproj", "{67A20D4A-C7EE-452D-A00A-24BE18D21A4D}"
EndProject
Project("{8BC9CEB8-8B4A-11D0-8D11-00A0C91BC942}") = "012Max", "012Templates\012Templates.vcxproj", "{EC1FB93E-8BAA-43F2-82E5-A9CC39E5743F}"
EndProject
Project("{8BC9CEB8-8B4A-11D0-8D11-00A0C91BC942}") = "013Accumulator", "Accumulator\Accumulator.vcxproj", "{C6BEA3C8-451C-42DB-BC5C-BAD7333BEDFF}"
EndProject
Project("{8BC9CEB8-8B4A-11D0-8D11-00A0C91BC942}") = "014PointerAndReference", "PointerAndReference\PointerAndReference.vcxproj", "{E3F893CD-4FA0-48ED-BE05-FD65443BC7A2}"
EndProject
Project("{8BC9CEB8-8B4A-11D0-8D11-00A0C91BC942}") = "015Const", "015Const\015Const.vcxproj", "{7EE36416-03A3-48ED-8BA5-4EF3782AA8B2}"
EndProject
Project("{8BC9CEB8-8B4A-11D0-8D11-00A0C91BC942}") = "016FreeStore", "FreeStore\FreeStore.vcxproj", "{3CE4B9D1-4FC5-4B97-B002-785548C18B02}"
EndProject
Project("{8BC9CEB8-8B4A-11D0-8D11-00A0C91BC942}") = "017Memory", "Memory\Memory.vcxproj", "{AF9FB49C-E8AD-4BCB-B005-D1C66D3752B1}"
EndProject
Project("{8BC9CEB8-8B4A-11D0-8D11-00A0C91BC942}") = "018PointerAndInheritance", "PointerAndInheritance\PointerAndInheritance.vcxproj", "{AF022B2E-1D1E-40EE-91AA-56A857DFCA06}"
EndProject
Project("{8BC9CEB8-8B4A-11D0-8D11-00A0C91BC942}") = "019Casting", "019Casting\019Casting.vcxproj", "{F65C9493-41C5-42F2-9D58-93BC4C79EFE2}"
EndProject
Project("{8BC9CEB8-8B4A-11D0-8D11-00A0C91BC942}") = "020Collection", "020Vector\020Vector.vcxproj", "{B030469B-351C-4C11-AE92-9338FF80A9E0}"
EndProject
Project("{8BC9CEB8-8B4A-11D0-8D11-00A0C91BC942}") = "021Lambdas", "021Lambdas\021Lambdas.vcxproj", "{DEF7DC14-4520-4764-ADF7-E05A96A318D3}"
EndProject
Project("{8BC9CEB8-8B4A-11D0-8D11-00A0C91BC942}") = "022Throwing", "022Throwing\022Throwing.vcxproj", "{AFE06884-1195-44DF-AEEE-59145A5740D5}"
EndProject
Project("{8BC9CEB8-8B4A-11D0-8D11-00A0C91BC942}") = "023Legacy", "023Legacy\023Legacy.vcxproj", "{F3299712-C002-4204-B677-F6A934D942C5}"
EndProject
Project("{8BC9CEB8-8B4A-11D0-8D11-00A0C91BC942}") = "024ManageMemory", "024ManageMemory\024ManageMemory.vcxproj", "{E0A7FAB6-A7C0-4853-918F-AED2C311BB06}"
EndProject
Project("{8BC9CEB8-8B4A-11D0-8D11-00A0C91BC942}") = "025LambdasAdvanced", "025LambdasAdvanced\025LambdasAdvanced.vcxproj", "{A1735D9E-A9A1-4F7A-A84D-56D986C49EF2}"
EndProject
Project("{8BC9CEB8-8B4A-11D0-8D11-00A0C91BC942}") = "026Container", "026Container\026Container.vcxproj", "{BFBC27E8-08C3-4AAD-8EE3-CF5278CDC97A}"
EndProject
Project("{8BC9CEB8-8B4A-11D0-8D11-00A0C91BC942}") = "027ListAndVector", "ListAndVector\ListAndVector.vcxproj", "{FF694E20-5357-4591-A0E0-7F5BCAA83BF7}"
EndProject
Project("{8BC9CEB8-8B4A-11D0-8D11-00A0C91BC942}") = "028Algorithms", "Algorithms\Algorithms.vcxproj", "{A7DFCE30-4971-4C9D-8D19-AC27FCEA9B40}"
EndProject
Project("{8BC9CEB8-8B4A-11D0-8D11-00A0C91BC942}") = "029ListAndVectorRevisited", "029ListAndVectorRevisited\029ListAndVectorRevisited.vcxproj", "{8911DF29-19E5-49A6-9EC2-A3736080A559}"
EndProject
Global
	GlobalSection(SolutionConfigurationPlatforms) = preSolution
		Debug|x64 = Debug|x64
		Debug|x86 = Debug|x86
		Release|x64 = Release|x64
		Release|x86 = Release|x86
	EndGlobalSection
	GlobalSection(ProjectConfigurationPlatforms) = postSolution
		{F10BAB05-0D5C-46C8-9EC7-25972E3A9C35}.Debug|x64.ActiveCfg = Debug|x64
		{F10BAB05-0D5C-46C8-9EC7-25972E3A9C35}.Debug|x64.Build.0 = Debug|x64
		{F10BAB05-0D5C-46C8-9EC7-25972E3A9C35}.Debug|x86.ActiveCfg = Debug|Win32
		{F10BAB05-0D5C-46C8-9EC7-25972E3A9C35}.Debug|x86.Build.0 = Debug|Win32
		{F10BAB05-0D5C-46C8-9EC7-25972E3A9C35}.Release|x64.ActiveCfg = Release|x64
		{F10BAB05-0D5C-46C8-9EC7-25972E3A9C35}.Release|x64.Build.0 = Release|x64
		{F10BAB05-0D5C-46C8-9EC7-25972E3A9C35}.Release|x86.ActiveCfg = Release|Win32
		{F10BAB05-0D5C-46C8-9EC7-25972E3A9C35}.Release|x86.Build.0 = Release|Win32
		{3C2F41EA-5B5E-4725-B935-6A40DE291B82}.Debug|x64.ActiveCfg = Debug|x64
		{3C2F41EA-5B5E-4725-B935-6A40DE291B82}.Debug|x64.Build.0 = Debug|x64
		{3C2F41EA-5B5E-4725-B935-6A40DE291B82}.Debug|x86.ActiveCfg = Debug|Win32
		{3C2F41EA-5B5E-4725-B935-6A40DE291B82}.Debug|x86.Build.0 = Debug|Win32
		{3C2F41EA-5B5E-4725-B935-6A40DE291B82}.Release|x64.ActiveCfg = Release|x64
		{3C2F41EA-5B5E-4725-B935-6A40DE291B82}.Release|x64.Build.0 = Release|x64
		{3C2F41EA-5B5E-4725-B935-6A40DE291B82}.Release|x86.ActiveCfg = Release|Win32
		{3C2F41EA-5B5E-4725-B935-6A40DE291B82}.Release|x86.Build.0 = Release|Win32
		{AE5E68BB-CE96-4D99-A5EE-CF17F0D50BE7}.Debug|x64.ActiveCfg = Debug|x64
		{AE5E68BB-CE96-4D99-A5EE-CF17F0D50BE7}.Debug|x64.Build.0 = Debug|x64
		{AE5E68BB-CE96-4D99-A5EE-CF17F0D50BE7}.Debug|x86.ActiveCfg = Debug|Win32
		{AE5E68BB-CE96-4D99-A5EE-CF17F0D50BE7}.Debug|x86.Build.0 = Debug|Win32
		{AE5E68BB-CE96-4D99-A5EE-CF17F0D50BE7}.Release|x64.ActiveCfg = Release|x64
		{AE5E68BB-CE96-4D99-A5EE-CF17F0D50BE7}.Release|x64.Build.0 = Release|x64
		{AE5E68BB-CE96-4D99-A5EE-CF17F0D50BE7}.Release|x86.ActiveCfg = Release|Win32
		{AE5E68BB-CE96-4D99-A5EE-CF17F0D50BE7}.Release|x86.Build.0 = Release|Win32
		{5470EAF7-ECBD-45F1-ADF9-70D0111EF1E1}.Debug|x64.ActiveCfg = Debug|x64
		{5470EAF7-ECBD-45F1-ADF9-70D0111EF1E1}.Debug|x64.Build.0 = Debug|x64
		{5470EAF7-ECBD-45F1-ADF9-70D0111EF1E1}.Debug|x86.ActiveCfg = Debug|Win32
		{5470EAF7-ECBD-45F1-ADF9-70D0111EF1E1}.Debug|x86.Build.0 = Debug|Win32
		{5470EAF7-ECBD-45F1-ADF9-70D0111EF1E1}.Release|x64.ActiveCfg = Release|x64
		{5470EAF7-ECBD-45F1-ADF9-70D0111EF1E1}.Release|x64.Build.0 = Release|x64
		{5470EAF7-ECBD-45F1-ADF9-70D0111EF1E1}.Release|x86.ActiveCfg = Release|Win32
		{5470EAF7-ECBD-45F1-ADF9-70D0111EF1E1}.Release|x86.Build.0 = Release|Win32
		{B1745EC5-9BB5-41D7-9A6A-F3867CF64C8A}.Debug|x64.ActiveCfg = Debug|x64
		{B1745EC5-9BB5-41D7-9A6A-F3867CF64C8A}.Debug|x64.Build.0 = Debug|x64
		{B1745EC5-9BB5-41D7-9A6A-F3867CF64C8A}.Debug|x86.ActiveCfg = Debug|Win32
		{B1745EC5-9BB5-41D7-9A6A-F3867CF64C8A}.Debug|x86.Build.0 = Debug|Win32
		{B1745EC5-9BB5-41D7-9A6A-F3867CF64C8A}.Release|x64.ActiveCfg = Release|x64
		{B1745EC5-9BB5-41D7-9A6A-F3867CF64C8A}.Release|x64.Build.0 = Release|x64
		{B1745EC5-9BB5-41D7-9A6A-F3867CF64C8A}.Release|x86.ActiveCfg = Release|Win32
		{B1745EC5-9BB5-41D7-9A6A-F3867CF64C8A}.Release|x86.Build.0 = Release|Win32
		{6FD50631-5B39-4509-A5D1-E933C6E2C656}.Debug|x64.ActiveCfg = Debug|x64
		{6FD50631-5B39-4509-A5D1-E933C6E2C656}.Debug|x64.Build.0 = Debug|x64
		{6FD50631-5B39-4509-A5D1-E933C6E2C656}.Debug|x86.ActiveCfg = Debug|Win32
		{6FD50631-5B39-4509-A5D1-E933C6E2C656}.Debug|x86.Build.0 = Debug|Win32
		{6FD50631-5B39-4509-A5D1-E933C6E2C656}.Release|x64.ActiveCfg = Release|x64
		{6FD50631-5B39-4509-A5D1-E933C6E2C656}.Release|x64.Build.0 = Release|x64
		{6FD50631-5B39-4509-A5D1-E933C6E2C656}.Release|x86.ActiveCfg = Release|Win32
		{6FD50631-5B39-4509-A5D1-E933C6E2C656}.Release|x86.Build.0 = Release|Win32
		{C8ED47FF-DD7A-4650-971F-C9CD23F0346B}.Debug|x64.ActiveCfg = Debug|x64
		{C8ED47FF-DD7A-4650-971F-C9CD23F0346B}.Debug|x64.Build.0 = Debug|x64
		{C8ED47FF-DD7A-4650-971F-C9CD23F0346B}.Debug|x86.ActiveCfg = Debug|Win32
		{C8ED47FF-DD7A-4650-971F-C9CD23F0346B}.Debug|x86.Build.0 = Debug|Win32
		{C8ED47FF-DD7A-4650-971F-C9CD23F0346B}.Release|x64.ActiveCfg = Release|x64
		{C8ED47FF-DD7A-4650-971F-C9CD23F0346B}.Release|x64.Build.0 = Release|x64
		{C8ED47FF-DD7A-4650-971F-C9CD23F0346B}.Release|x86.ActiveCfg = Release|Win32
		{C8ED47FF-DD7A-4650-971F-C9CD23F0346B}.Release|x86.Build.0 = Release|Win32
		{3EFB3B4D-D995-4F9E-93F2-4E8DD4DC1BCC}.Debug|x64.ActiveCfg = Debug|x64
		{3EFB3B4D-D995-4F9E-93F2-4E8DD4DC1BCC}.Debug|x64.Build.0 = Debug|x64
		{3EFB3B4D-D995-4F9E-93F2-4E8DD4DC1BCC}.Debug|x86.ActiveCfg = Debug|Win32
		{3EFB3B4D-D995-4F9E-93F2-4E8DD4DC1BCC}.Debug|x86.Build.0 = Debug|Win32
		{3EFB3B4D-D995-4F9E-93F2-4E8DD4DC1BCC}.Release|x64.ActiveCfg = Release|x64
		{3EFB3B4D-D995-4F9E-93F2-4E8DD4DC1BCC}.Release|x64.Build.0 = Release|x64
		{3EFB3B4D-D995-4F9E-93F2-4E8DD4DC1BCC}.Release|x86.ActiveCfg = Release|Win32
		{3EFB3B4D-D995-4F9E-93F2-4E8DD4DC1BCC}.Release|x86.Build.0 = Release|Win32
		{4AEAF99D-FDB8-45DB-90ED-A6729D0E845A}.Debug|x64.ActiveCfg = Debug|x64
		{4AEAF99D-FDB8-45DB-90ED-A6729D0E845A}.Debug|x64.Build.0 = Debug|x64
		{4AEAF99D-FDB8-45DB-90ED-A6729D0E845A}.Debug|x86.ActiveCfg = Debug|Win32
		{4AEAF99D-FDB8-45DB-90ED-A6729D0E845A}.Debug|x86.Build.0 = Debug|Win32
		{4AEAF99D-FDB8-45DB-90ED-A6729D0E845A}.Release|x64.ActiveCfg = Release|x64
		{4AEAF99D-FDB8-45DB-90ED-A6729D0E845A}.Release|x64.Build.0 = Release|x64
		{4AEAF99D-FDB8-45DB-90ED-A6729D0E845A}.Release|x86.ActiveCfg = Release|Win32
		{4AEAF99D-FDB8-45DB-90ED-A6729D0E845A}.Release|x86.Build.0 = Release|Win32
		{127D71F6-652A-4416-91F5-D903007D8487}.Debug|x64.ActiveCfg = Debug|x64
		{127D71F6-652A-4416-91F5-D903007D8487}.Debug|x64.Build.0 = Debug|x64
		{127D71F6-652A-4416-91F5-D903007D8487}.Debug|x86.ActiveCfg = Debug|Win32
		{127D71F6-652A-4416-91F5-D903007D8487}.Debug|x86.Build.0 = Debug|Win32
		{127D71F6-652A-4416-91F5-D903007D8487}.Release|x64.ActiveCfg = Release|x64
		{127D71F6-652A-4416-91F5-D903007D8487}.Release|x64.Build.0 = Release|x64
		{127D71F6-652A-4416-91F5-D903007D8487}.Release|x86.ActiveCfg = Release|Win32
		{127D71F6-652A-4416-91F5-D903007D8487}.Release|x86.Build.0 = Release|Win32
		{67A20D4A-C7EE-452D-A00A-24BE18D21A4D}.Debug|x64.ActiveCfg = Debug|x64
		{67A20D4A-C7EE-452D-A00A-24BE18D21A4D}.Debug|x64.Build.0 = Debug|x64
		{67A20D4A-C7EE-452D-A00A-24BE18D21A4D}.Debug|x86.ActiveCfg = Debug|Win32
		{67A20D4A-C7EE-452D-A00A-24BE18D21A4D}.Debug|x86.Build.0 = Debug|Win32
		{67A20D4A-C7EE-452D-A00A-24BE18D21A4D}.Release|x64.ActiveCfg = Release|x64
		{67A20D4A-C7EE-452D-A00A-24BE18D21A4D}.Release|x64.Build.0 = Release|x64
		{67A20D4A-C7EE-452D-A00A-24BE18D21A4D}.Release|x86.ActiveCfg = Release|Win32
		{67A20D4A-C7EE-452D-A00A-24BE18D21A4D}.Release|x86.Build.0 = Release|Win32
		{EC1FB93E-8BAA-43F2-82E5-A9CC39E5743F}.Debug|x64.ActiveCfg = Debug|x64
		{EC1FB93E-8BAA-43F2-82E5-A9CC39E5743F}.Debug|x64.Build.0 = Debug|x64
		{EC1FB93E-8BAA-43F2-82E5-A9CC39E5743F}.Debug|x86.ActiveCfg = Debug|Win32
		{EC1FB93E-8BAA-43F2-82E5-A9CC39E5743F}.Debug|x86.Build.0 = Debug|Win32
		{EC1FB93E-8BAA-43F2-82E5-A9CC39E5743F}.Release|x64.ActiveCfg = Release|x64
		{EC1FB93E-8BAA-43F2-82E5-A9CC39E5743F}.Release|x64.Build.0 = Release|x64
		{EC1FB93E-8BAA-43F2-82E5-A9CC39E5743F}.Release|x86.ActiveCfg = Release|Win32
		{EC1FB93E-8BAA-43F2-82E5-A9CC39E5743F}.Release|x86.Build.0 = Release|Win32
		{C6BEA3C8-451C-42DB-BC5C-BAD7333BEDFF}.Debug|x64.ActiveCfg = Debug|x64
		{C6BEA3C8-451C-42DB-BC5C-BAD7333BEDFF}.Debug|x64.Build.0 = Debug|x64
		{C6BEA3C8-451C-42DB-BC5C-BAD7333BEDFF}.Debug|x86.ActiveCfg = Debug|Win32
		{C6BEA3C8-451C-42DB-BC5C-BAD7333BEDFF}.Debug|x86.Build.0 = Debug|Win32
		{C6BEA3C8-451C-42DB-BC5C-BAD7333BEDFF}.Release|x64.ActiveCfg = Release|x64
		{C6BEA3C8-451C-42DB-BC5C-BAD7333BEDFF}.Release|x64.Build.0 = Release|x64
		{C6BEA3C8-451C-42DB-BC5C-BAD7333BEDFF}.Release|x86.ActiveCfg = Release|Win32
		{C6BEA3C8-451C-42DB-BC5C-BAD7333BEDFF}.Release|x86.Build.0 = Release|Win32
		{E3F893CD-4FA0-48ED-BE05-FD65443BC7A2}.Debug|x64.ActiveCfg = Debug|x64
		{E3F893CD-4FA0-48ED-BE05-FD65443BC7A2}.Debug|x64.Build.0 = Debug|x64
		{E3F893CD-4FA0-48ED-BE05-FD65443BC7A2}.Debug|x86.ActiveCfg = Debug|Win32
		{E3F893CD-4FA0-48ED-BE05-FD65443BC7A2}.Debug|x86.Build.0 = Debug|Win32
		{E3F893CD-4FA0-48ED-BE05-FD65443BC7A2}.Release|x64.ActiveCfg = Release|x64
		{E3F893CD-4FA0-48ED-BE05-FD65443BC7A2}.Release|x64.Build.0 = Release|x64
		{E3F893CD-4FA0-48ED-BE05-FD65443BC7A2}.Release|x86.ActiveCfg = Release|Win32
		{E3F893CD-4FA0-48ED-BE05-FD65443BC7A2}.Release|x86.Build.0 = Release|Win32
		{7EE36416-03A3-48ED-8BA5-4EF3782AA8B2}.Debug|x64.ActiveCfg = Debug|x64
		{7EE36416-03A3-48ED-8BA5-4EF3782AA8B2}.Debug|x64.Build.0 = Debug|x64
		{7EE36416-03A3-48ED-8BA5-4EF3782AA8B2}.Debug|x86.ActiveCfg = Debug|Win32
		{7EE36416-03A3-48ED-8BA5-4EF3782AA8B2}.Debug|x86.Build.0 = Debug|Win32
		{7EE36416-03A3-48ED-8BA5-4EF3782AA8B2}.Release|x64.ActiveCfg = Release|x64
		{7EE36416-03A3-48ED-8BA5-4EF3782AA8B2}.Release|x64.Build.0 = Release|x64
		{7EE36416-03A3-48ED-8BA5-4EF3782AA8B2}.Release|x86.ActiveCfg = Release|Win32
		{7EE36416-03A3-48ED-8BA5-4EF3782AA8B2}.Release|x86.Build.0 = Release|Win32
		{3CE4B9D1-4FC5-4B97-B002-785548C18B02}.Debug|x64.ActiveCfg = Debug|x64
		{3CE4B9D1-4FC5-4B97-B002-785548C18B02}.Debug|x64.Build.0 = Debug|x64
		{3CE4B9D1-4FC5-4B97-B002-785548C18B02}.Debug|x86.ActiveCfg = Debug|Win32
		{3CE4B9D1-4FC5-4B97-B002-785548C18B02}.Debug|x86.Build.0 = Debug|Win32
		{3CE4B9D1-4FC5-4B97-B002-785548C18B02}.Release|x64.ActiveCfg = Release|x64
		{3CE4B9D1-4FC5-4B97-B002-785548C18B02}.Release|x64.Build.0 = Release|x64
		{3CE4B9D1-4FC5-4B97-B002-785548C18B02}.Release|x86.ActiveCfg = Release|Win32
		{3CE4B9D1-4FC5-4B97-B002-785548C18B02}.Release|x86.Build.0 = Release|Win32
		{AF9FB49C-E8AD-4BCB-B005-D1C66D3752B1}.Debug|x64.ActiveCfg = Debug|x64
		{AF9FB49C-E8AD-4BCB-B005-D1C66D3752B1}.Debug|x64.Build.0 = Debug|x64
		{AF9FB49C-E8AD-4BCB-B005-D1C66D3752B1}.Debug|x86.ActiveCfg = Debug|Win32
		{AF9FB49C-E8AD-4BCB-B005-D1C66D3752B1}.Debug|x86.Build.0 = Debug|Win32
		{AF9FB49C-E8AD-4BCB-B005-D1C66D3752B1}.Release|x64.ActiveCfg = Release|x64
		{AF9FB49C-E8AD-4BCB-B005-D1C66D3752B1}.Release|x64.Build.0 = Release|x64
		{AF9FB49C-E8AD-4BCB-B005-D1C66D3752B1}.Release|x86.ActiveCfg = Release|Win32
		{AF9FB49C-E8AD-4BCB-B005-D1C66D3752B1}.Release|x86.Build.0 = Release|Win32
		{AF022B2E-1D1E-40EE-91AA-56A857DFCA06}.Debug|x64.ActiveCfg = Debug|x64
		{AF022B2E-1D1E-40EE-91AA-56A857DFCA06}.Debug|x64.Build.0 = Debug|x64
		{AF022B2E-1D1E-40EE-91AA-56A857DFCA06}.Debug|x86.ActiveCfg = Debug|Win32
		{AF022B2E-1D1E-40EE-91AA-56A857DFCA06}.Debug|x86.Build.0 = Debug|Win32
		{AF022B2E-1D1E-40EE-91AA-56A857DFCA06}.Release|x64.ActiveCfg = Release|x64
		{AF022B2E-1D1E-40EE-91AA-56A857DFCA06}.Release|x64.Build.0 = Release|x64
		{AF022B2E-1D1E-40EE-91AA-56A857DFCA06}.Release|x86.ActiveCfg = Release|Win32
		{AF022B2E-1D1E-40EE-91AA-56A857DFCA06}.Release|x86.Build.0 = Release|Win32
		{F65C9493-41C5-42F2-9D58-93BC4C79EFE2}.Debug|x64.ActiveCfg = Debug|x64
		{F65C9493-41C5-42F2-9D58-93BC4C79EFE2}.Debug|x64.Build.0 = Debug|x64
		{F65C9493-41C5-42F2-9D58-93BC4C79EFE2}.Debug|x86.ActiveCfg = Debug|Win32
		{F65C9493-41C5-42F2-9D58-93BC4C79EFE2}.Debug|x86.Build.0 = Debug|Win32
		{F65C9493-41C5-42F2-9D58-93BC4C79EFE2}.Release|x64.ActiveCfg = Release|x64
		{F65C9493-41C5-42F2-9D58-93BC4C79EFE2}.Release|x64.Build.0 = Release|x64
		{F65C9493-41C5-42F2-9D58-93BC4C79EFE2}.Release|x86.ActiveCfg = Release|Win32
		{F65C9493-41C5-42F2-9D58-93BC4C79EFE2}.Release|x86.Build.0 = Release|Win32
		{B030469B-351C-4C11-AE92-9338FF80A9E0}.Debug|x64.ActiveCfg = Debug|x64
		{B030469B-351C-4C11-AE92-9338FF80A9E0}.Debug|x64.Build.0 = Debug|x64
		{B030469B-351C-4C11-AE92-9338FF80A9E0}.Debug|x86.ActiveCfg = Debug|Win32
		{B030469B-351C-4C11-AE92-9338FF80A9E0}.Debug|x86.Build.0 = Debug|Win32
		{B030469B-351C-4C11-AE92-9338FF80A9E0}.Release|x64.ActiveCfg = Release|x64
		{B030469B-351C-4C11-AE92-9338FF80A9E0}.Release|x64.Build.0 = Release|x64
		{B030469B-351C-4C11-AE92-9338FF80A9E0}.Release|x86.ActiveCfg = Release|Win32
		{B030469B-351C-4C11-AE92-9338FF80A9E0}.Release|x86.Build.0 = Release|Win32
		{DEF7DC14-4520-4764-ADF7-E05A96A318D3}.Debug|x64.ActiveCfg = Debug|x64
		{DEF7DC14-4520-4764-ADF7-E05A96A318D3}.Debug|x64.Build.0 = Debug|x64
		{DEF7DC14-4520-4764-ADF7-E05A96A318D3}.Debug|x86.ActiveCfg = Debug|Win32
		{DEF7DC14-4520-4764-ADF7-E05A96A318D3}.Debug|x86.Build.0 = Debug|Win32
		{DEF7DC14-4520-4764-ADF7-E05A96A318D3}.Release|x64.ActiveCfg = Release|x64
		{DEF7DC14-4520-4764-ADF7-E05A96A318D3}.Release|x64.Build.0 = Release|x64
		{DEF7DC14-4520-4764-ADF7-E05A96A318D3}.Release|x86.ActiveCfg = Release|Win32
		{DEF7DC14-4520-4764-ADF7-E05A96A318D3}.Release|x86.Build.0 = Release|Win32
		{AFE06884-1195-44DF-AEEE-59145A5740D5}.Debug|x64.ActiveCfg = Debug|x64
		{AFE06884-1195-44DF-AEEE-59145A5740D5}.Debug|x64.Build.0 = Debug|x64
		{AFE06884-1195-44DF-AEEE-59145A5740D5}.Debug|x86.ActiveCfg = Debug|Win32
		{AFE06884-1195-44DF-AEEE-59145A5740D5}.Debug|x86.Build.0 = Debug|Win32
		{AFE06884-1195-44DF-AEEE-59145A5740D5}.Release|x64.ActiveCfg = Release|x64
		{AFE06884-1195-44DF-AEEE-59145A5740D5}.Release|x64.Build.0 = Release|x64
		{AFE06884-1195-44DF-AEEE-59145A5740D5}.Release|x86.ActiveCfg = Release|Win32
		{AFE06884-1195-44DF-AEEE-59145A5740D5}.Release|x86.Build.0 = Release|Win32
		{F3299712-C002-4204-B677-F6A934D942C5}.Debug|x64.ActiveCfg = Debug|x64
		{F3299712-C002-4204-B677-F6A934D942C5}.Debug|x64.Build.0 = Debug|x64
		{F3299712-C002-4204-B677-F6A934D942C5}.Debug|x86.ActiveCfg = Debug|Win32
		{F3299712-C002-4204-B677-F6A934D942C5}.Debug|x86.Build.0 = Debug|Win32
		{F3299712-C002-4204-B677-F6A934D942C5}.Release|x64.ActiveCfg = Release|x64
		{F3299712-C002-4204-B677-F6A934D942C5}.Release|x64.Build.0 = Release|x64
		{F3299712-C002-4204-B677-F6A934D942C5}.Release|x86.ActiveCfg = Release|Win32
		{F3299712-C002-4204-B677-F6A934D942C5}.Release|x86.Build.0 = Release|Win32
		{E0A7FAB6-A7C0-4853-918F-AED2C311BB06}.Debug|x64.ActiveCfg = Debug|x64
		{E0A7FAB6-A7C0-4853-918F-AED2C311BB06}.Debug|x64.Build.0 = Debug|x64
		{E0A7FAB6-A7C0-4853-918F-AED2C311BB06}.Debug|x86.ActiveCfg = Debug|Win32
		{E0A7FAB6-A7C0-4853-918F-AED2C311BB06}.Debug|x86.Build.0 = Debug|Win32
		{E0A7FAB6-A7C0-4853-918F-AED2C311BB06}.Release|x64.ActiveCfg = Release|x64
		{E0A7FAB6-A7C0-4853-918F-AED2C311BB06}.Release|x64.Build.0 = Release|x64
		{E0A7FAB6-A7C0-4853-918F-AED2C311BB06}.Release|x86.ActiveCfg = Release|Win32
		{E0A7FAB6-A7C0-4853-918F-AED2C311BB06}.Release|x86.Build.0 = Release|Win32
		{A1735D9E-A9A1-4F7A-A84D-56D986C49EF2}.Debug|x64.ActiveCfg = Debug|x64
		{A1735D9E-A9A1-4F7A-A84D-56D986C49EF2}.Debug|x64.Build.0 = Debug|x64
		{A1735D9E-A9A1-4F7A-A84D-56D986C49EF2}.Debug|x86.ActiveCfg = Debug|Win32
		{A1735D9E-A9A1-4F7A-A84D-56D986C49EF2}.Debug|x86.Build.0 = Debug|Win32
		{A1735D9E-A9A1-4F7A-A84D-56D986C49EF2}.Release|x64.ActiveCfg = Release|x64
		{A1735D9E-A9A1-4F7A-A84D-56D986C49EF2}.Release|x64.Build.0 = Release|x64
		{A1735D9E-A9A1-4F7A-A84D-56D986C49EF2}.Release|x86.ActiveCfg = Release|Win32
		{A1735D9E-A9A1-4F7A-A84D-56D986C49EF2}.Release|x86.Build.0 = Release|Win32
		{BFBC27E8-08C3-4AAD-8EE3-CF5278CDC97A}.Debug|x64.ActiveCfg = Debug|x64
		{BFBC27E8-08C3-4AAD-8EE3-CF5278CDC97A}.Debug|x64.Build.0 = Debug|x64
		{BFBC27E8-08C3-4AAD-8EE3-CF5278CDC97A}.Debug|x86.ActiveCfg = Debug|Win32
		{BFBC27E8-08C3-4AAD-8EE3-CF5278CDC97A}.Debug|x86.Build.0 = Debug|Win32
		{BFBC27E8-08C3-4AAD-8EE3-CF5278CDC97A}.Release|x64.ActiveCfg = Release|x64
		{BFBC27E8-08C3-4AAD-8EE3-CF5278CDC97A}.Release|x64.Build.0 = Release|x64
		{BFBC27E8-08C3-4AAD-8EE3-CF5278CDC97A}.Release|x86.ActiveCfg = Release|Win32
		{BFBC27E8-08C3-4AAD-8EE3-CF5278CDC97A}.Release|x86.Build.0 = Release|Win32
		{FF694E20-5357-4591-A0E0-7F5BCAA83BF7}.Debug|x64.ActiveCfg = Debug|x64
		{FF694E20-5357-4591-A0E0-7F5BCAA83BF7}.Debug|x64.Build.0 = Debug|x64
		{FF694E20-5357-4591-A0E0-7F5BCAA83BF7}.Debug|x86.ActiveCfg = Debug|Win32
		{FF694E20-5357-4591-A0E0-7F5BCAA83BF7}.Debug|x86.Build.0 = Debug|Win32
		{FF694E20-5357-4591-A0E0-7F5BCAA83BF7}.Release|x64.ActiveCfg = Release|x64
		{FF694E20-5357-4591-A0E0-7F5BCAA83BF7}.Release|x64.Build.0 = Release|x64
		{FF694E20-5357-4591-A0E0-7F5BCAA83BF7}.Release|x86.ActiveCfg = Release|Win32
		{FF694E20-5357-4591-A0E0-7F5BCAA83BF7}.Release|x86.Build.0 = Release|Win32
		{A7DFCE30-4971-4C9D-8D19-AC27FCEA9B40}.Debug|x64.ActiveCfg = Debug|x64
		{A7DFCE30-4971-4C9D-8D19-AC27FCEA9B40}.Debug|x64.Build.0 = Debug|x64
		{A7DFCE30-4971-4C9D-8D19-AC27FCEA9B40}.Debug|x86.ActiveCfg = Debug|Win32
		{A7DFCE30-4971-4C9D-8D19-AC27FCEA9B40}.Debug|x86.Build.0 = Debug|Win32
		{A7DFCE30-4971-4C9D-8D19-AC27FCEA9B40}.Release|x64.ActiveCfg = Release|x64
		{A7DFCE30-4971-4C9D-8D19-AC27FCEA9B40}.Release|x64.Build.0 = Release|x64
		{A7DFCE30-4971-4C9D-8D19-AC27FCEA9B40}.Release|x86.ActiveCfg = Release|Win32
		{A7DFCE30-4971-4C9D-8D19-AC27FCEA9B40}.Release|x86.Build.0 = Release|Win32
		{8911DF29-19E5-49A6-9EC2-A3736080A559}.Debug|x64.ActiveCfg = Debug|x64
		{8911DF29-19E5-49A6-9EC2-A3736080A559}.Debug|x64.Build.0 = Debug|x64
		{8911DF29-19E5-49A6-9EC2-A3736080A559}.Debug|x86.ActiveCfg = Debug|Win32
		{8911DF29-19E5-49A6-9EC2-A3736080A559}.Debug|x86.Build.0 = Debug|Win32
		{8911DF29-19E5-49A6-9EC2-A3736080A559}.Release|x64.ActiveCfg = Release|x64
		{8911DF29-19E5-49A6-9EC2-A3736080A559}.Release|x64.Build.0 = Release|x64
		{8911DF29-19E5-49A6-9EC2-A3736080A559}.Release|x86.ActiveCfg = Release|Win32
		{8911DF29-19E5-49A6-9EC2-A3736080A559}.Release|x86.Build.0 = Release|Win32
	EndGlobalSection
	GlobalSection(SolutionProperties) = preSolution
		HideSolutionNode = FALSE
	EndGlobalSection
	GlobalSection(ExtensibilityGlobals) = postSolution
		SolutionGuid = {420928A3-92AE-423A-A0A4-21C5D601AF29}
	EndGlobalSection
EndGlobal
